// !$*UTF8*$!
{
	archiveVersion = 1;
	classes = {
	};
	objectVersion = 56;
	objects = {

/* Begin PBXBuildFile section */
		7856382C2C9FC1FD00336473 /* AnimeMatchApp.swift in Sources */ = {isa = PBXBuildFile; fileRef = 7856382B2C9FC1FD00336473 /* AnimeMatchApp.swift */; };
		7856382E2C9FC1FD00336473 /* ContentView.swift in Sources */ = {isa = PBXBuildFile; fileRef = 7856382D2C9FC1FD00336473 /* ContentView.swift */; };
		785638302C9FC1FF00336473 /* Assets.xcassets in Resources */ = {isa = PBXBuildFile; fileRef = 7856382F2C9FC1FF00336473 /* Assets.xcassets */; };
		785638332C9FC1FF00336473 /* Preview Assets.xcassets in Resources */ = {isa = PBXBuildFile; fileRef = 785638322C9FC1FF00336473 /* Preview Assets.xcassets */; };
		7856383F2C9FC32700336473 /* AnimeCatalogView.swift in Sources */ = {isa = PBXBuildFile; fileRef = 7856383E2C9FC32700336473 /* AnimeCatalogView.swift */; };
		785638432C9FDBA800336473 /* AnimeDetailsView.swift in Sources */ = {isa = PBXBuildFile; fileRef = 785638422C9FDBA800336473 /* AnimeDetailsView.swift */; };
		785638452CA01EC200336473 /* APIManager.swift in Sources */ = {isa = PBXBuildFile; fileRef = 785638442CA01EC200336473 /* APIManager.swift */; };
		785638472CA0206F00336473 /* AnimeCatalogItem.swift in Sources */ = {isa = PBXBuildFile; fileRef = 785638462CA0206F00336473 /* AnimeCatalogItem.swift */; };
		785638492CA026E000336473 /* AnimeCatalogViewModel.swift in Sources */ = {isa = PBXBuildFile; fileRef = 785638482CA026E000336473 /* AnimeCatalogViewModel.swift */; };
		7856384B2CA0EF8F00336473 /* AnimeDetailsViewModel.swift in Sources */ = {isa = PBXBuildFile; fileRef = 7856384A2CA0EF8F00336473 /* AnimeDetailsViewModel.swift */; };
		7856384D2CA0F02800336473 /* AnimeDetails.swift in Sources */ = {isa = PBXBuildFile; fileRef = 7856384C2CA0F02800336473 /* AnimeDetails.swift */; };
		789B7F682CA3C46F00F91475 /* AnimeCatalogItemView.swift in Sources */ = {isa = PBXBuildFile; fileRef = 789B7F672CA3C46F00F91475 /* AnimeCatalogItemView.swift */; };
		789B7F6A2CA417F100F91475 /* RecomendationView.swift in Sources */ = {isa = PBXBuildFile; fileRef = 789B7F692CA417F100F91475 /* RecomendationView.swift */; };
/* End PBXBuildFile section */

/* Begin PBXFileReference section */
		785638282C9FC1FD00336473 /* AnimeMatch.app */ = {isa = PBXFileReference; explicitFileType = wrapper.application; includeInIndex = 0; path = AnimeMatch.app; sourceTree = BUILT_PRODUCTS_DIR; };
		7856382B2C9FC1FD00336473 /* AnimeMatchApp.swift */ = {isa = PBXFileReference; lastKnownFileType = sourcecode.swift; path = AnimeMatchApp.swift; sourceTree = "<group>"; };
		7856382D2C9FC1FD00336473 /* ContentView.swift */ = {isa = PBXFileReference; lastKnownFileType = sourcecode.swift; path = ContentView.swift; sourceTree = "<group>"; };
		7856382F2C9FC1FF00336473 /* Assets.xcassets */ = {isa = PBXFileReference; lastKnownFileType = folder.assetcatalog; path = Assets.xcassets; sourceTree = "<group>"; };
		785638322C9FC1FF00336473 /* Preview Assets.xcassets */ = {isa = PBXFileReference; lastKnownFileType = folder.assetcatalog; path = "Preview Assets.xcassets"; sourceTree = "<group>"; };
		7856383E2C9FC32700336473 /* AnimeCatalogView.swift */ = {isa = PBXFileReference; lastKnownFileType = sourcecode.swift; path = AnimeCatalogView.swift; sourceTree = "<group>"; };
		785638422C9FDBA800336473 /* AnimeDetailsView.swift */ = {isa = PBXFileReference; lastKnownFileType = sourcecode.swift; path = AnimeDetailsView.swift; sourceTree = "<group>"; };
		785638442CA01EC200336473 /* APIManager.swift */ = {isa = PBXFileReference; lastKnownFileType = sourcecode.swift; path = APIManager.swift; sourceTree = "<group>"; };
		785638462CA0206F00336473 /* AnimeCatalogItem.swift */ = {isa = PBXFileReference; lastKnownFileType = sourcecode.swift; path = AnimeCatalogItem.swift; sourceTree = "<group>"; };
		785638482CA026E000336473 /* AnimeCatalogViewModel.swift */ = {isa = PBXFileReference; lastKnownFileType = sourcecode.swift; path = AnimeCatalogViewModel.swift; sourceTree = "<group>"; };
		7856384A2CA0EF8F00336473 /* AnimeDetailsViewModel.swift */ = {isa = PBXFileReference; lastKnownFileType = sourcecode.swift; path = AnimeDetailsViewModel.swift; sourceTree = "<group>"; };
		7856384C2CA0F02800336473 /* AnimeDetails.swift */ = {isa = PBXFileReference; lastKnownFileType = sourcecode.swift; path = AnimeDetails.swift; sourceTree = "<group>"; };
		789B7F672CA3C46F00F91475 /* AnimeCatalogItemView.swift */ = {isa = PBXFileReference; lastKnownFileType = sourcecode.swift; path = AnimeCatalogItemView.swift; sourceTree = "<group>"; };
		789B7F692CA417F100F91475 /* RecomendationView.swift */ = {isa = PBXFileReference; lastKnownFileType = sourcecode.swift; path = RecomendationView.swift; sourceTree = "<group>"; };
/* End PBXFileReference section */

/* Begin PBXFrameworksBuildPhase section */
		785638252C9FC1FD00336473 /* Frameworks */ = {
			isa = PBXFrameworksBuildPhase;
			buildActionMask = 2147483647;
			files = (
			);
			runOnlyForDeploymentPostprocessing = 0;
		};
/* End PBXFrameworksBuildPhase section */

/* Begin PBXGroup section */
		7856381F2C9FC1FD00336473 = {
			isa = PBXGroup;
			children = (
				7856382A2C9FC1FD00336473 /* AnimeMatch */,
				785638292C9FC1FD00336473 /* Products */,
			);
			sourceTree = "<group>";
		};
		785638292C9FC1FD00336473 /* Products */ = {
			isa = PBXGroup;
			children = (
				785638282C9FC1FD00336473 /* AnimeMatch.app */,
			);
			name = Products;
			sourceTree = "<group>";
		};
		7856382A2C9FC1FD00336473 /* AnimeMatch */ = {
			isa = PBXGroup;
			children = (
				7856383C2C9FC25700336473 /* API */,
				7856383A2C9FC23700336473 /* Views */,
				7856383B2C9FC24100336473 /* ViewModels */,
				785638392C9FC22D00336473 /* Models */,
				7856382B2C9FC1FD00336473 /* AnimeMatchApp.swift */,
				7856382F2C9FC1FF00336473 /* Assets.xcassets */,
				785638312C9FC1FF00336473 /* Preview Content */,
			);
			path = AnimeMatch;
			sourceTree = "<group>";
		};
		785638312C9FC1FF00336473 /* Preview Content */ = {
			isa = PBXGroup;
			children = (
				785638322C9FC1FF00336473 /* Preview Assets.xcassets */,
			);
			path = "Preview Content";
			sourceTree = "<group>";
		};
		785638392C9FC22D00336473 /* Models */ = {
			isa = PBXGroup;
			children = (
				785638462CA0206F00336473 /* AnimeCatalogItem.swift */,
				7856384C2CA0F02800336473 /* AnimeDetails.swift */,
			);
			path = Models;
			sourceTree = "<group>";
		};
		7856383A2C9FC23700336473 /* Views */ = {
			isa = PBXGroup;
			children = (
				785638412C9FC48600336473 /* RecommendationView */,
				785638402C9FC3C600336473 /* AnimeDetails */,
				7856383D2C9FC30900336473 /* AnimeCatalog */,
				7856382D2C9FC1FD00336473 /* ContentView.swift */,
				789B7F692CA417F100F91475 /* RecomendationView.swift */,
			);
			path = Views;
			sourceTree = "<group>";
		};
		7856383B2C9FC24100336473 /* ViewModels */ = {
			isa = PBXGroup;
			children = (
				785638482CA026E000336473 /* AnimeCatalogViewModel.swift */,
				7856384A2CA0EF8F00336473 /* AnimeDetailsViewModel.swift */,
			);
			path = ViewModels;
			sourceTree = "<group>";
		};
		7856383C2C9FC25700336473 /* API */ = {
			isa = PBXGroup;
			children = (
				785638442CA01EC200336473 /* APIManager.swift */,
			);
			path = API;
			sourceTree = "<group>";
		};
		7856383D2C9FC30900336473 /* AnimeCatalog */ = {
			isa = PBXGroup;
			children = (
				7856383E2C9FC32700336473 /* AnimeCatalogView.swift */,
				789B7F672CA3C46F00F91475 /* AnimeCatalogItemView.swift */,
			);
			path = AnimeCatalog;
			sourceTree = "<group>";
		};
		785638402C9FC3C600336473 /* AnimeDetails */ = {
			isa = PBXGroup;
			children = (
				785638422C9FDBA800336473 /* AnimeDetailsView.swift */,
			);
			path = AnimeDetails;
			sourceTree = "<group>";
		};
		785638412C9FC48600336473 /* RecommendationView */ = {
			isa = PBXGroup;
			children = (
			);
			path = RecommendationView;
			sourceTree = "<group>";
		};
/* End PBXGroup section */

/* Begin PBXNativeTarget section */
		785638272C9FC1FD00336473 /* AnimeMatch */ = {
			isa = PBXNativeTarget;
			buildConfigurationList = 785638362C9FC1FF00336473 /* Build configuration list for PBXNativeTarget "AnimeMatch" */;
			buildPhases = (
				785638242C9FC1FD00336473 /* Sources */,
				785638252C9FC1FD00336473 /* Frameworks */,
				785638262C9FC1FD00336473 /* Resources */,
			);
			buildRules = (
			);
			dependencies = (
			);
			name = AnimeMatch;
			productName = AnimeMatch;
			productReference = 785638282C9FC1FD00336473 /* AnimeMatch.app */;
			productType = "com.apple.product-type.application";
		};
/* End PBXNativeTarget section */

/* Begin PBXProject section */
		785638202C9FC1FD00336473 /* Project object */ = {
			isa = PBXProject;
			attributes = {
				BuildIndependentTargetsInParallel = 1;
				LastSwiftUpdateCheck = 1540;
				LastUpgradeCheck = 1540;
				TargetAttributes = {
					785638272C9FC1FD00336473 = {
						CreatedOnToolsVersion = 15.4;
					};
				};
			};
			buildConfigurationList = 785638232C9FC1FD00336473 /* Build configuration list for PBXProject "AnimeMatch" */;
			compatibilityVersion = "Xcode 14.0";
			developmentRegion = en;
			hasScannedForEncodings = 0;
			knownRegions = (
				en,
				Base,
			);
			mainGroup = 7856381F2C9FC1FD00336473;
			productRefGroup = 785638292C9FC1FD00336473 /* Products */;
			projectDirPath = "";
			projectRoot = "";
			targets = (
				785638272C9FC1FD00336473 /* AnimeMatch */,
			);
		};
/* End PBXProject section */

/* Begin PBXResourcesBuildPhase section */
		785638262C9FC1FD00336473 /* Resources */ = {
			isa = PBXResourcesBuildPhase;
			buildActionMask = 2147483647;
			files = (
				785638332C9FC1FF00336473 /* Preview Assets.xcassets in Resources */,
				785638302C9FC1FF00336473 /* Assets.xcassets in Resources */,
			);
			runOnlyForDeploymentPostprocessing = 0;
		};
/* End PBXResourcesBuildPhase section */

/* Begin PBXSourcesBuildPhase section */
		785638242C9FC1FD00336473 /* Sources */ = {
			isa = PBXSourcesBuildPhase;
			buildActionMask = 2147483647;
			files = (
				785638432C9FDBA800336473 /* AnimeDetailsView.swift in Sources */,
				789B7F6A2CA417F100F91475 /* RecomendationView.swift in Sources */,
				7856382E2C9FC1FD00336473 /* ContentView.swift in Sources */,
				7856384B2CA0EF8F00336473 /* AnimeDetailsViewModel.swift in Sources */,
				7856384D2CA0F02800336473 /* AnimeDetails.swift in Sources */,
				789B7F682CA3C46F00F91475 /* AnimeCatalogItemView.swift in Sources */,
				785638452CA01EC200336473 /* APIManager.swift in Sources */,
				7856383F2C9FC32700336473 /* AnimeCatalogView.swift in Sources */,
				785638492CA026E000336473 /* AnimeCatalogViewModel.swift in Sources */,
				7856382C2C9FC1FD00336473 /* AnimeMatchApp.swift in Sources */,
				785638472CA0206F00336473 /* AnimeCatalogItem.swift in Sources */,
			);
			runOnlyForDeploymentPostprocessing = 0;
		};
/* End PBXSourcesBuildPhase section */

/* Begin XCBuildConfiguration section */
		785638342C9FC1FF00336473 /* Debug */ = {
			isa = XCBuildConfiguration;
			buildSettings = {
				ALWAYS_SEARCH_USER_PATHS = NO;
				ASSETCATALOG_COMPILER_GENERATE_SWIFT_ASSET_SYMBOL_EXTENSIONS = YES;
				CLANG_ANALYZER_NONNULL = YES;
				CLANG_ANALYZER_NUMBER_OBJECT_CONVERSION = YES_AGGRESSIVE;
				CLANG_CXX_LANGUAGE_STANDARD = "gnu++20";
				CLANG_ENABLE_MODULES = YES;
				CLANG_ENABLE_OBJC_ARC = YES;
				CLANG_ENABLE_OBJC_WEAK = YES;
				CLANG_WARN_BLOCK_CAPTURE_AUTORELEASING = YES;
				CLANG_WARN_BOOL_CONVERSION = YES;
				CLANG_WARN_COMMA = YES;
				CLANG_WARN_CONSTANT_CONVERSION = YES;
				CLANG_WARN_DEPRECATED_OBJC_IMPLEMENTATIONS = YES;
				CLANG_WARN_DIRECT_OBJC_ISA_USAGE = YES_ERROR;
				CLANG_WARN_DOCUMENTATION_COMMENTS = YES;
				CLANG_WARN_EMPTY_BODY = YES;
				CLANG_WARN_ENUM_CONVERSION = YES;
				CLANG_WARN_INFINITE_RECURSION = YES;
				CLANG_WARN_INT_CONVERSION = YES;
				CLANG_WARN_NON_LITERAL_NULL_CONVERSION = YES;
				CLANG_WARN_OBJC_IMPLICIT_RETAIN_SELF = YES;
				CLANG_WARN_OBJC_LITERAL_CONVERSION = YES;
				CLANG_WARN_OBJC_ROOT_CLASS = YES_ERROR;
				CLANG_WARN_QUOTED_INCLUDE_IN_FRAMEWORK_HEADER = YES;
				CLANG_WARN_RANGE_LOOP_ANALYSIS = YES;
				CLANG_WARN_STRICT_PROTOTYPES = YES;
				CLANG_WARN_SUSPICIOUS_MOVE = YES;
				CLANG_WARN_UNGUARDED_AVAILABILITY = YES_AGGRESSIVE;
				CLANG_WARN_UNREACHABLE_CODE = YES;
				CLANG_WARN__DUPLICATE_METHOD_MATCH = YES;
				COPY_PHASE_STRIP = NO;
				DEBUG_INFORMATION_FORMAT = dwarf;
				ENABLE_STRICT_OBJC_MSGSEND = YES;
				ENABLE_TESTABILITY = YES;
				ENABLE_USER_SCRIPT_SANDBOXING = YES;
				GCC_C_LANGUAGE_STANDARD = gnu17;
				GCC_DYNAMIC_NO_PIC = NO;
				GCC_NO_COMMON_BLOCKS = YES;
				GCC_OPTIMIZATION_LEVEL = 0;
				GCC_PREPROCESSOR_DEFINITIONS = (
					"DEBUG=1",
					"$(inherited)",
				);
				GCC_WARN_64_TO_32_BIT_CONVERSION = YES;
				GCC_WARN_ABOUT_RETURN_TYPE = YES_ERROR;
				GCC_WARN_UNDECLARED_SELECTOR = YES;
				GCC_WARN_UNINITIALIZED_AUTOS = YES_AGGRESSIVE;
				GCC_WARN_UNUSED_FUNCTION = YES;
				GCC_WARN_UNUSED_VARIABLE = YES;
				IPHONEOS_DEPLOYMENT_TARGET = 17.5;
				LOCALIZATION_PREFERS_STRING_CATALOGS = YES;
				MTL_ENABLE_DEBUG_INFO = INCLUDE_SOURCE;
				MTL_FAST_MATH = YES;
				ONLY_ACTIVE_ARCH = YES;
				SDKROOT = iphoneos;
				SWIFT_ACTIVE_COMPILATION_CONDITIONS = "DEBUG $(inherited)";
				SWIFT_OPTIMIZATION_LEVEL = "-Onone";
			};
			name = Debug;
		};
		785638352C9FC1FF00336473 /* Release */ = {
			isa = XCBuildConfiguration;
			buildSettings = {
				ALWAYS_SEARCH_USER_PATHS = NO;
				ASSETCATALOG_COMPILER_GENERATE_SWIFT_ASSET_SYMBOL_EXTENSIONS = YES;
				CLANG_ANALYZER_NONNULL = YES;
				CLANG_ANALYZER_NUMBER_OBJECT_CONVERSION = YES_AGGRESSIVE;
				CLANG_CXX_LANGUAGE_STANDARD = "gnu++20";
				CLANG_ENABLE_MODULES = YES;
				CLANG_ENABLE_OBJC_ARC = YES;
				CLANG_ENABLE_OBJC_WEAK = YES;
				CLANG_WARN_BLOCK_CAPTURE_AUTORELEASING = YES;
				CLANG_WARN_BOOL_CONVERSION = YES;
				CLANG_WARN_COMMA = YES;
				CLANG_WARN_CONSTANT_CONVERSION = YES;
				CLANG_WARN_DEPRECATED_OBJC_IMPLEMENTATIONS = YES;
				CLANG_WARN_DIRECT_OBJC_ISA_USAGE = YES_ERROR;
				CLANG_WARN_DOCUMENTATION_COMMENTS = YES;
				CLANG_WARN_EMPTY_BODY = YES;
				CLANG_WARN_ENUM_CONVERSION = YES;
				CLANG_WARN_INFINITE_RECURSION = YES;
				CLANG_WARN_INT_CONVERSION = YES;
				CLANG_WARN_NON_LITERAL_NULL_CONVERSION = YES;
				CLANG_WARN_OBJC_IMPLICIT_RETAIN_SELF = YES;
				CLANG_WARN_OBJC_LITERAL_CONVERSION = YES;
				CLANG_WARN_OBJC_ROOT_CLASS = YES_ERROR;
				CLANG_WARN_QUOTED_INCLUDE_IN_FRAMEWORK_HEADER = YES;
				CLANG_WARN_RANGE_LOOP_ANALYSIS = YES;
				CLANG_WARN_STRICT_PROTOTYPES = YES;
				CLANG_WARN_SUSPICIOUS_MOVE = YES;
				CLANG_WARN_UNGUARDED_AVAILABILITY = YES_AGGRESSIVE;
				CLANG_WARN_UNREACHABLE_CODE = YES;
				CLANG_WARN__DUPLICATE_METHOD_MATCH = YES;
				COPY_PHASE_STRIP = NO;
				DEBUG_INFORMATION_FORMAT = "dwarf-with-dsym";
				ENABLE_NS_ASSERTIONS = NO;
				ENABLE_STRICT_OBJC_MSGSEND = YES;
				ENABLE_USER_SCRIPT_SANDBOXING = YES;
				GCC_C_LANGUAGE_STANDARD = gnu17;
				GCC_NO_COMMON_BLOCKS = YES;
				GCC_WARN_64_TO_32_BIT_CONVERSION = YES;
				GCC_WARN_ABOUT_RETURN_TYPE = YES_ERROR;
				GCC_WARN_UNDECLARED_SELECTOR = YES;
				GCC_WARN_UNINITIALIZED_AUTOS = YES_AGGRESSIVE;
				GCC_WARN_UNUSED_FUNCTION = YES;
				GCC_WARN_UNUSED_VARIABLE = YES;
				IPHONEOS_DEPLOYMENT_TARGET = 17.5;
				LOCALIZATION_PREFERS_STRING_CATALOGS = YES;
				MTL_ENABLE_DEBUG_INFO = NO;
				MTL_FAST_MATH = YES;
				SDKROOT = iphoneos;
				SWIFT_COMPILATION_MODE = wholemodule;
				VALIDATE_PRODUCT = YES;
			};
			name = Release;
		};
		785638372C9FC1FF00336473 /* Debug */ = {
			isa = XCBuildConfiguration;
			buildSettings = {
				ASSETCATALOG_COMPILER_APPICON_NAME = AppIcon;
				ASSETCATALOG_COMPILER_GLOBAL_ACCENT_COLOR_NAME = AccentColor;
				CODE_SIGN_STYLE = Automatic;
				CURRENT_PROJECT_VERSION = 1;
				DEVELOPMENT_ASSET_PATHS = "\"AnimeMatch/Preview Content\"";
				DEVELOPMENT_TEAM = 649X9UT2AK;
				ENABLE_PREVIEWS = YES;
				GENERATE_INFOPLIST_FILE = YES;
				INFOPLIST_KEY_UIApplicationSceneManifest_Generation = YES;
				INFOPLIST_KEY_UIApplicationSupportsIndirectInputEvents = YES;
				INFOPLIST_KEY_UILaunchScreen_Generation = YES;
				INFOPLIST_KEY_UISupportedInterfaceOrientations_iPad = "UIInterfaceOrientationPortrait UIInterfaceOrientationPortraitUpsideDown UIInterfaceOrientationLandscapeLeft UIInterfaceOrientationLandscapeRight";
				INFOPLIST_KEY_UISupportedInterfaceOrientations_iPhone = "UIInterfaceOrientationPortrait UIInterfaceOrientationLandscapeLeft UIInterfaceOrientationLandscapeRight";
				LD_RUNPATH_SEARCH_PATHS = (
					"$(inherited)",
					"@executable_path/Frameworks",
				);
				MARKETING_VERSION = 1.0;
				PRODUCT_BUNDLE_IDENTIFIER = anikin02.AnimeMatch;
				PRODUCT_NAME = "$(TARGET_NAME)";
				SWIFT_EMIT_LOC_STRINGS = YES;
				SWIFT_VERSION = 5.0;
				TARGETED_DEVICE_FAMILY = "1,2";
			};
			name = Debug;
		};
		785638382C9FC1FF00336473 /* Release */ = {
			isa = XCBuildConfiguration;
			buildSettings = {
				ASSETCATALOG_COMPILER_APPICON_NAME = AppIcon;
				ASSETCATALOG_COMPILER_GLOBAL_ACCENT_COLOR_NAME = AccentColor;
				CODE_SIGN_STYLE = Automatic;
				CURRENT_PROJECT_VERSION = 1;
				DEVELOPMENT_ASSET_PATHS = "\"AnimeMatch/Preview Content\"";
				DEVELOPMENT_TEAM = 649X9UT2AK;
				ENABLE_PREVIEWS = YES;
				GENERATE_INFOPLIST_FILE = YES;
				INFOPLIST_KEY_UIApplicationSceneManifest_Generation = YES;
				INFOPLIST_KEY_UIApplicationSupportsIndirectInputEvents = YES;
				INFOPLIST_KEY_UILaunchScreen_Generation = YES;
				INFOPLIST_KEY_UISupportedInterfaceOrientations_iPad = "UIInterfaceOrientationPortrait UIInterfaceOrientationPortraitUpsideDown UIInterfaceOrientationLandscapeLeft UIInterfaceOrientationLandscapeRight";
				INFOPLIST_KEY_UISupportedInterfaceOrientations_iPhone = "UIInterfaceOrientationPortrait UIInterfaceOrientationLandscapeLeft UIInterfaceOrientationLandscapeRight";
				LD_RUNPATH_SEARCH_PATHS = (
					"$(inherited)",
					"@executable_path/Frameworks",
				);
				MARKETING_VERSION = 1.0;
				PRODUCT_BUNDLE_IDENTIFIER = anikin02.AnimeMatch;
				PRODUCT_NAME = "$(TARGET_NAME)";
				SWIFT_EMIT_LOC_STRINGS = YES;
				SWIFT_VERSION = 5.0;
				TARGETED_DEVICE_FAMILY = "1,2";
			};
			name = Release;
		};
/* End XCBuildConfiguration section */

/* Begin XCConfigurationList section */
		785638232C9FC1FD00336473 /* Build configuration list for PBXProject "AnimeMatch" */ = {
			isa = XCConfigurationList;
			buildConfigurations = (
				785638342C9FC1FF00336473 /* Debug */,
				785638352C9FC1FF00336473 /* Release */,
			);
			defaultConfigurationIsVisible = 0;
			defaultConfigurationName = Release;
		};
		785638362C9FC1FF00336473 /* Build configuration list for PBXNativeTarget "AnimeMatch" */ = {
			isa = XCConfigurationList;
			buildConfigurations = (
				785638372C9FC1FF00336473 /* Debug */,
				785638382C9FC1FF00336473 /* Release */,
			);
			defaultConfigurationIsVisible = 0;
			defaultConfigurationName = Release;
		};
/* End XCConfigurationList section */
	};
	rootObject = 785638202C9FC1FD00336473 /* Project object */;
}
